
Microsoft Visual Studio Solution File, Format Version 12.00
# Visual Studio 15
VisualStudioVersion = 15.0.27130.2027
MinimumVisualStudioVersion = 10.0.40219.1
Project("{FAE04EC0-301F-11D3-BF4B-00C04F79EFBC}") = "CDN.Akamai.Sitecore7", "Sitecore.Akamai.Sitecore7\CDN.Akamai.Sitecore7.csproj", "{3FBBA61C-0273-48D1-9663-610404C67A7A}"
EndProject
Project("{FAE04EC0-301F-11D3-BF4B-00C04F79EFBC}") = "CDN.Akamai", "CDN.Akamai.DeviceDetection\CDN.Akamai.csproj", "{E19CCA26-5AA7-47D9-878D-6E756D43B086}"
EndProject
Project("{FAE04EC0-301F-11D3-BF4B-00C04F79EFBC}") = "CDN.Akamai.Sitecore8", "CDN.Akamai.Sitecore8\CDN.Akamai.Sitecore8.csproj", "{6A4CAE4F-1A6E-47B9-872C-D8E8FE1F2545}"
EndProject
Project("{FAE04EC0-301F-11D3-BF4B-00C04F79EFBC}") = "CDN.Akamai.Sitecore9", "CDN.Akamai.Sitecore9\CDN.Akamai.Sitecore9.csproj", "{B124B2C6-D18D-4509-8BF1-DBA12B24AE38}"
EndProject
Project("{2150E333-8FDC-42A3-9474-1A3956D46DE8}") = "Foundation", "Foundation", "{71F2EDB3-42F5-4A25-8608-4E51252F6772}"
EndProject
Project("{2150E333-8FDC-42A3-9474-1A3956D46DE8}") = "Akamai", "Akamai", "{BDA28700-7EE0-4203-98A1-B3C437114B3F}"
EndProject
Project("{FAE04EC0-301F-11D3-BF4B-00C04F79EFBC}") = "Foundation.Sitecore.Akamai", "src\Foundation\Akamai\code\Foundation.Sitecore.Akamai.csproj", "{B5396349-192B-4279-B270-040726BA4A51}"
EndProject
Global
	GlobalSection(SolutionConfigurationPlatforms) = preSolution
		Debug|Any CPU = Debug|Any CPU
		Release|Any CPU = Release|Any CPU
	EndGlobalSection
	GlobalSection(ProjectConfigurationPlatforms) = postSolution
		{3FBBA61C-0273-48D1-9663-610404C67A7A}.Debug|Any CPU.ActiveCfg = Debug|Any CPU
		{3FBBA61C-0273-48D1-9663-610404C67A7A}.Debug|Any CPU.Build.0 = Debug|Any CPU
		{3FBBA61C-0273-48D1-9663-610404C67A7A}.Release|Any CPU.ActiveCfg = Release|Any CPU
		{3FBBA61C-0273-48D1-9663-610404C67A7A}.Release|Any CPU.Build.0 = Release|Any CPU
		{E19CCA26-5AA7-47D9-878D-6E756D43B086}.Debug|Any CPU.ActiveCfg = Debug|Any CPU
		{E19CCA26-5AA7-47D9-878D-6E756D43B086}.Debug|Any CPU.Build.0 = Debug|Any CPU
		{E19CCA26-5AA7-47D9-878D-6E756D43B086}.Release|Any CPU.ActiveCfg = Release|Any CPU
		{E19CCA26-5AA7-47D9-878D-6E756D43B086}.Release|Any CPU.Build.0 = Release|Any CPU
		{6A4CAE4F-1A6E-47B9-872C-D8E8FE1F2545}.Debug|Any CPU.ActiveCfg = Debug|Any CPU
		{6A4CAE4F-1A6E-47B9-872C-D8E8FE1F2545}.Debug|Any CPU.Build.0 = Debug|Any CPU
		{6A4CAE4F-1A6E-47B9-872C-D8E8FE1F2545}.Release|Any CPU.ActiveCfg = Release|Any CPU
		{6A4CAE4F-1A6E-47B9-872C-D8E8FE1F2545}.Release|Any CPU.Build.0 = Release|Any CPU
		{B124B2C6-D18D-4509-8BF1-DBA12B24AE38}.Debug|Any CPU.ActiveCfg = Debug|Any CPU
		{B124B2C6-D18D-4509-8BF1-DBA12B24AE38}.Debug|Any CPU.Build.0 = Debug|Any CPU
		{B124B2C6-D18D-4509-8BF1-DBA12B24AE38}.Release|Any CPU.ActiveCfg = Release|Any CPU
		{B124B2C6-D18D-4509-8BF1-DBA12B24AE38}.Release|Any CPU.Build.0 = Release|Any CPU
		{B5396349-192B-4279-B270-040726BA4A51}.Debug|Any CPU.ActiveCfg = Debug|Any CPU
		{B5396349-192B-4279-B270-040726BA4A51}.Debug|Any CPU.Build.0 = Debug|Any CPU
		{B5396349-192B-4279-B270-040726BA4A51}.Release|Any CPU.ActiveCfg = Release|Any CPU
		{B5396349-192B-4279-B270-040726BA4A51}.Release|Any CPU.Build.0 = Release|Any CPU
	EndGlobalSection
	GlobalSection(SolutionProperties) = preSolution
		HideSolutionNode = FALSE
	EndGlobalSection
	GlobalSection(NestedProjects) = preSolution
		{BDA28700-7EE0-4203-98A1-B3C437114B3F} = {71F2EDB3-42F5-4A25-8608-4E51252F6772}
		{B5396349-192B-4279-B270-040726BA4A51} = {BDA28700-7EE0-4203-98A1-B3C437114B3F}
	EndGlobalSection
	GlobalSection(ExtensibilityGlobals) = postSolution
		SolutionGuid = {7B7CFBB0-B3FD-4D58-B5B2-190DBB408169}
	EndGlobalSection
EndGlobal
